
Microsoft Visual Studio Solution File, Format Version 12.00
# Visual Studio Version 17
VisualStudioVersion = 17.1.32210.238
MinimumVisualStudioVersion = 10.0.40219.1
Project("{FAE04EC0-301F-11D3-BF4B-00C04F79EFBC}") = "WebBrowserExtension", "WebBrowserExtension\WebBrowserExtension.csproj", "{E2859467-784A-4EC0-9BA5-B1502C80F1F1}"
EndProject
Project("{FAE04EC0-301F-11D3-BF4B-00C04F79EFBC}") = "MiniBrowser", "MiniBrowser\MiniBrowser.csproj", "{C45A76D5-6B32-46A1-B39F-672F9ACDBBEF}"
EndProject
Global
	GlobalSection(SolutionConfigurationPlatforms) = preSolution
		Debug|Any CPU = Debug|Any CPU
		Debug|x86 = Debug|x86
		Release|Any CPU = Release|Any CPU
		Release|x86 = Release|x86
	EndGlobalSection
	GlobalSection(ProjectConfigurationPlatforms) = postSolution
		{E2859467-784A-4EC0-9BA5-B1502C80F1F1}.Debug|Any CPU.ActiveCfg = Debug|Any CPU
		{E2859467-784A-4EC0-9BA5-B1502C80F1F1}.Debug|Any CPU.Build.0 = Debug|Any CPU
		{E2859467-784A-4EC0-9BA5-B1502C80F1F1}.Debug|x86.ActiveCfg = Debug|x86
		{E2859467-784A-4EC0-9BA5-B1502C80F1F1}.Debug|x86.Build.0 = Debug|x86
		{E2859467-784A-4EC0-9BA5-B1502C80F1F1}.Release|Any CPU.ActiveCfg = Release|Any CPU
		{E2859467-784A-4EC0-9BA5-B1502C80F1F1}.Release|Any CPU.Build.0 = Release|Any CPU
		{E2859467-784A-4EC0-9BA5-B1502C80F1F1}.Release|x86.ActiveCfg = Release|x86
		{E2859467-784A-4EC0-9BA5-B1502C80F1F1}.Release|x86.Build.0 = Release|x86
		{C45A76D5-6B32-46A1-B39F-672F9ACDBBEF}.Debug|Any CPU.ActiveCfg = Debug|Any CPU
		{C45A76D5-6B32-46A1-B39F-672F9ACDBBEF}.Debug|Any CPU.Build.0 = Debug|Any CPU
		{C45A76D5-6B32-46A1-B39F-672F9ACDBBEF}.Debug|x86.ActiveCfg = Debug|Any CPU
		{C45A76D5-6B32-46A1-B39F-672F9ACDBBEF}.Debug|x86.Build.0 = Debug|Any CPU
		{C45A76D5-6B32-46A1-B39F-672F9ACDBBEF}.Release|Any CPU.ActiveCfg = Release|Any CPU
		{C45A76D5-6B32-46A1-B39F-672F9ACDBBEF}.Release|Any CPU.Build.0 = Release|Any CPU
		{C45A76D5-6B32-46A1-B39F-672F9ACDBBEF}.Release|x86.ActiveCfg = Release|Any CPU
		{C45A76D5-6B32-46A1-B39F-672F9ACDBBEF}.Release|x86.Build.0 = Release|Any CPU
	EndGlobalSection
	GlobalSection(SolutionProperties) = preSolution
		HideSolutionNode = FALSE
	EndGlobalSection
	GlobalSection(ExtensibilityGlobals) = postSolution
		SolutionGuid = {DF426945-2D6E-4A1E-ADF5-30C417F75AB1}
	EndGlobalSection
EndGlobal
